
Microsoft Visual Studio Solution File, Format Version 12.00
# Visual Studio Version 17
VisualStudioVersion = 17.7.34003.232
MinimumVisualStudioVersion = 10.0.40219.1
Project("{FAE04EC0-301F-11D3-BF4B-00C04F79EFBC}") = "my-books", "my-books\my-books.csproj", "{DA5ACCBF-71FE-4D4A-B7C2-D7CEE1ED72D8}"
EndProject
Global
	GlobalSection(SolutionConfigurationPlatforms) = preSolution
		Debug|Any CPU = Debug|Any CPU
		Release|Any CPU = Release|Any CPU
	EndGlobalSection
	GlobalSection(ProjectConfigurationPlatforms) = postSolution
		{DA5ACCBF-71FE-4D4A-B7C2-D7CEE1ED72D8}.Debug|Any CPU.ActiveCfg = Debug|Any CPU
		{DA5ACCBF-71FE-4D4A-B7C2-D7CEE1ED72D8}.Debug|Any CPU.Build.0 = Debug|Any CPU
		{DA5ACCBF-71FE-4D4A-B7C2-D7CEE1ED72D8}.Release|Any CPU.ActiveCfg = Release|Any CPU
		{DA5ACCBF-71FE-4D4A-B7C2-D7CEE1ED72D8}.Release|Any CPU.Build.0 = Release|Any CPU
	EndGlobalSection
	GlobalSection(SolutionProperties) = preSolution
		HideSolutionNode = FALSE
	EndGlobalSection
	GlobalSection(ExtensibilityGlobals) = postSolution
		SolutionGuid = {4CD32829-1C66-440D-BE99-CB3B0A523A5D}
	EndGlobalSection
EndGlobal
